
Microsoft Visual Studio Solution File, Format Version 12.00
# Visual Studio Version 17
VisualStudioVersion = 17.5.33424.131
MinimumVisualStudioVersion = 10.0.40219.1
Project("{FAE04EC0-301F-11D3-BF4B-00C04F79EFBC}") = "Web_Api", "Web_Api\Web_Api.csproj", "{18533C70-BDB1-416A-BC1F-ECFF76EC6430}"
EndProject
Global
	GlobalSection(SolutionConfigurationPlatforms) = preSolution
		Debug|Any CPU = Debug|Any CPU
		Release|Any CPU = Release|Any CPU
	EndGlobalSection
	GlobalSection(ProjectConfigurationPlatforms) = postSolution
		{18533C70-BDB1-416A-BC1F-ECFF76EC6430}.Debug|Any CPU.ActiveCfg = Debug|Any CPU
		{18533C70-BDB1-416A-BC1F-ECFF76EC6430}.Debug|Any CPU.Build.0 = Debug|Any CPU
		{18533C70-BDB1-416A-BC1F-ECFF76EC6430}.Release|Any CPU.ActiveCfg = Release|Any CPU
		{18533C70-BDB1-416A-BC1F-ECFF76EC6430}.Release|Any CPU.Build.0 = Release|Any CPU
	EndGlobalSection
	GlobalSection(SolutionProperties) = preSolution
		HideSolutionNode = FALSE
	EndGlobalSection
	GlobalSection(ExtensibilityGlobals) = postSolution
		SolutionGuid = {61E302A2-0879-452A-B92C-EDC6D04BF52E}
	EndGlobalSection
EndGlobal
